// !$*UTF8*$!
{
	archiveVersion = 1;
	classes = {
	};
	objectVersion = 56;
	objects = {

/* Begin PBXBuildFile section */
		745909D32AC03FBA007392BC /* EditView.swift in Sources */ = {isa = PBXBuildFile; fileRef = 745909D22AC03FBA007392BC /* EditView.swift */; };
		745909D52ACAF6DA007392BC /* NotificationManager.swift in Sources */ = {isa = PBXBuildFile; fileRef = 745909D42ACAF6DA007392BC /* NotificationManager.swift */; };
		74CE27B92A83F90B00B24C7B /* HabitimeApp.swift in Sources */ = {isa = PBXBuildFile; fileRef = 74CE27B82A83F90B00B24C7B /* HabitimeApp.swift */; };
		74CE27BB2A83F90B00B24C7B /* HomeView.swift in Sources */ = {isa = PBXBuildFile; fileRef = 74CE27BA2A83F90B00B24C7B /* HomeView.swift */; };
		74CE27BD2A83F90C00B24C7B /* Assets.xcassets in Resources */ = {isa = PBXBuildFile; fileRef = 74CE27BC2A83F90C00B24C7B /* Assets.xcassets */; };
		74CE27C02A83F90C00B24C7B /* Preview Assets.xcassets in Resources */ = {isa = PBXBuildFile; fileRef = 74CE27BF2A83F90C00B24C7B /* Preview Assets.xcassets */; };
		74CE27C52A83F90C00B24C7B /* Habitime.xcdatamodeld in Sources */ = {isa = PBXBuildFile; fileRef = 74CE27C32A83F90C00B24C7B /* Habitime.xcdatamodeld */; };
		74CE27CC2A8425E500B24C7B /* AddTaskView.swift in Sources */ = {isa = PBXBuildFile; fileRef = 74CE27CB2A8425E500B24C7B /* AddTaskView.swift */; };
		74CE27CF2A85458900B24C7B /* ColorButton.swift in Sources */ = {isa = PBXBuildFile; fileRef = 74CE27CE2A85458900B24C7B /* ColorButton.swift */; };
		74CE27D22A878CE700B24C7B /* CategoryButton.swift in Sources */ = {isa = PBXBuildFile; fileRef = 74CE27D12A878CE700B24C7B /* CategoryButton.swift */; };
		74CE27D42A89401400B24C7B /* GoalPickerView.swift in Sources */ = {isa = PBXBuildFile; fileRef = 74CE27D32A89401400B24C7B /* GoalPickerView.swift */; };
		74CE27D82A8AA30C00B24C7B /* CustomTextField.swift in Sources */ = {isa = PBXBuildFile; fileRef = 74CE27D72A8AA30C00B24C7B /* CustomTextField.swift */; };
		74CE27DA2A8D48EE00B24C7B /* DayButton.swift in Sources */ = {isa = PBXBuildFile; fileRef = 74CE27D92A8D48EE00B24C7B /* DayButton.swift */; };
		74CE27DC2A8D49C900B24C7B /* DayPickerView.swift in Sources */ = {isa = PBXBuildFile; fileRef = 74CE27DB2A8D49C900B24C7B /* DayPickerView.swift */; };
		74CE27E12A90C84000B24C7B /* Date+Ext.swift in Sources */ = {isa = PBXBuildFile; fileRef = 74CE27E02A90C84000B24C7B /* Date+Ext.swift */; };
		74CE27E42A90D86500B24C7B /* Constant.swift in Sources */ = {isa = PBXBuildFile; fileRef = 74CE27E32A90D86500B24C7B /* Constant.swift */; };
		74CE27E82A90F96700B24C7B /* IconPickerView.swift in Sources */ = {isa = PBXBuildFile; fileRef = 74CE27E72A90F96700B24C7B /* IconPickerView.swift */; };
		74CE27EA2A90FF4D00B24C7B /* IconView.swift in Sources */ = {isa = PBXBuildFile; fileRef = 74CE27E92A90FF4D00B24C7B /* IconView.swift */; };
		74CE27ED2A96260500B24C7B /* CoreDataManager.swift in Sources */ = {isa = PBXBuildFile; fileRef = 74CE27EC2A96260500B24C7B /* CoreDataManager.swift */; };
		74CE28142A9A136700B24C7B /* SettingSideView.swift in Sources */ = {isa = PBXBuildFile; fileRef = 74CE28132A9A136700B24C7B /* SettingSideView.swift */; };
		74CE28162A9A1CB800B24C7B /* SubscribeView.swift in Sources */ = {isa = PBXBuildFile; fileRef = 74CE28152A9A1CB800B24C7B /* SubscribeView.swift */; };
		74CE281C2A9BA1A000B24C7B /* Color+Ext.swift in Sources */ = {isa = PBXBuildFile; fileRef = 74CE281B2A9BA1A000B24C7B /* Color+Ext.swift */; };
		74CE281E2A9F736C00B24C7B /* TrackerView.swift in Sources */ = {isa = PBXBuildFile; fileRef = 74CE281D2A9F736C00B24C7B /* TrackerView.swift */; };
		74DC29572AACADB500681B12 /* DayGridCell.swift in Sources */ = {isa = PBXBuildFile; fileRef = 74DC29562AACADB500681B12 /* DayGridCell.swift */; };
		74DC29592AADE63900681B12 /* CalendarView.swift in Sources */ = {isa = PBXBuildFile; fileRef = 74DC29582AADE63900681B12 /* CalendarView.swift */; };
/* End PBXBuildFile section */

/* Begin PBXFileReference section */
		745909D22AC03FBA007392BC /* EditView.swift */ = {isa = PBXFileReference; lastKnownFileType = sourcecode.swift; path = EditView.swift; sourceTree = "<group>"; };
		745909D42ACAF6DA007392BC /* NotificationManager.swift */ = {isa = PBXFileReference; lastKnownFileType = sourcecode.swift; path = NotificationManager.swift; sourceTree = "<group>"; };
		74CE27B52A83F90B00B24C7B /* Habitime.app */ = {isa = PBXFileReference; explicitFileType = wrapper.application; includeInIndex = 0; path = Habitime.app; sourceTree = BUILT_PRODUCTS_DIR; };
		74CE27B82A83F90B00B24C7B /* HabitimeApp.swift */ = {isa = PBXFileReference; lastKnownFileType = sourcecode.swift; path = HabitimeApp.swift; sourceTree = "<group>"; };
		74CE27BA2A83F90B00B24C7B /* HomeView.swift */ = {isa = PBXFileReference; lastKnownFileType = sourcecode.swift; path = HomeView.swift; sourceTree = "<group>"; };
		74CE27BC2A83F90C00B24C7B /* Assets.xcassets */ = {isa = PBXFileReference; lastKnownFileType = folder.assetcatalog; path = Assets.xcassets; sourceTree = "<group>"; };
		74CE27BF2A83F90C00B24C7B /* Preview Assets.xcassets */ = {isa = PBXFileReference; lastKnownFileType = folder.assetcatalog; path = "Preview Assets.xcassets"; sourceTree = "<group>"; };
		74CE27C42A83F90C00B24C7B /* Habitime.xcdatamodel */ = {isa = PBXFileReference; lastKnownFileType = wrapper.xcdatamodel; path = Habitime.xcdatamodel; sourceTree = "<group>"; };
		74CE27CB2A8425E500B24C7B /* AddTaskView.swift */ = {isa = PBXFileReference; lastKnownFileType = sourcecode.swift; path = AddTaskView.swift; sourceTree = "<group>"; };
		74CE27CE2A85458900B24C7B /* ColorButton.swift */ = {isa = PBXFileReference; lastKnownFileType = sourcecode.swift; path = ColorButton.swift; sourceTree = "<group>"; };
		74CE27D12A878CE700B24C7B /* CategoryButton.swift */ = {isa = PBXFileReference; lastKnownFileType = sourcecode.swift; path = CategoryButton.swift; sourceTree = "<group>"; };
		74CE27D32A89401400B24C7B /* GoalPickerView.swift */ = {isa = PBXFileReference; lastKnownFileType = sourcecode.swift; path = GoalPickerView.swift; sourceTree = "<group>"; };
		74CE27D72A8AA30C00B24C7B /* CustomTextField.swift */ = {isa = PBXFileReference; lastKnownFileType = sourcecode.swift; path = CustomTextField.swift; sourceTree = "<group>"; };
		74CE27D92A8D48EE00B24C7B /* DayButton.swift */ = {isa = PBXFileReference; lastKnownFileType = sourcecode.swift; path = DayButton.swift; sourceTree = "<group>"; };
		74CE27DB2A8D49C900B24C7B /* DayPickerView.swift */ = {isa = PBXFileReference; lastKnownFileType = sourcecode.swift; path = DayPickerView.swift; sourceTree = "<group>"; };
		74CE27E02A90C84000B24C7B /* Date+Ext.swift */ = {isa = PBXFileReference; lastKnownFileType = sourcecode.swift; path = "Date+Ext.swift"; sourceTree = "<group>"; };
		74CE27E32A90D86500B24C7B /* Constant.swift */ = {isa = PBXFileReference; lastKnownFileType = sourcecode.swift; path = Constant.swift; sourceTree = "<group>"; };
		74CE27E72A90F96700B24C7B /* IconPickerView.swift */ = {isa = PBXFileReference; lastKnownFileType = sourcecode.swift; path = IconPickerView.swift; sourceTree = "<group>"; };
		74CE27E92A90FF4D00B24C7B /* IconView.swift */ = {isa = PBXFileReference; lastKnownFileType = sourcecode.swift; path = IconView.swift; sourceTree = "<group>"; };
		74CE27EC2A96260500B24C7B /* CoreDataManager.swift */ = {isa = PBXFileReference; lastKnownFileType = sourcecode.swift; path = CoreDataManager.swift; sourceTree = "<group>"; };
		74CE28132A9A136700B24C7B /* SettingSideView.swift */ = {isa = PBXFileReference; lastKnownFileType = sourcecode.swift; path = SettingSideView.swift; sourceTree = "<group>"; };
		74CE28152A9A1CB800B24C7B /* SubscribeView.swift */ = {isa = PBXFileReference; lastKnownFileType = sourcecode.swift; path = SubscribeView.swift; sourceTree = "<group>"; };
		74CE281B2A9BA1A000B24C7B /* Color+Ext.swift */ = {isa = PBXFileReference; lastKnownFileType = sourcecode.swift; path = "Color+Ext.swift"; sourceTree = "<group>"; };
		74CE281D2A9F736C00B24C7B /* TrackerView.swift */ = {isa = PBXFileReference; lastKnownFileType = sourcecode.swift; path = TrackerView.swift; sourceTree = "<group>"; };
		74DC29562AACADB500681B12 /* DayGridCell.swift */ = {isa = PBXFileReference; lastKnownFileType = sourcecode.swift; path = DayGridCell.swift; sourceTree = "<group>"; };
		74DC29582AADE63900681B12 /* CalendarView.swift */ = {isa = PBXFileReference; lastKnownFileType = sourcecode.swift; path = CalendarView.swift; sourceTree = "<group>"; };
/* End PBXFileReference section */

/* Begin PBXFrameworksBuildPhase section */
		74CE27B22A83F90B00B24C7B /* Frameworks */ = {
			isa = PBXFrameworksBuildPhase;
			buildActionMask = 2147483647;
			files = (
			);
			runOnlyForDeploymentPostprocessing = 0;
		};
/* End PBXFrameworksBuildPhase section */

/* Begin PBXGroup section */
		74CE27AC2A83F90B00B24C7B = {
			isa = PBXGroup;
			children = (
				74CE27B72A83F90B00B24C7B /* Habitime */,
				74CE27B62A83F90B00B24C7B /* Products */,
			);
			sourceTree = "<group>";
		};
		74CE27B62A83F90B00B24C7B /* Products */ = {
			isa = PBXGroup;
			children = (
				74CE27B52A83F90B00B24C7B /* Habitime.app */,
			);
			name = Products;
			sourceTree = "<group>";
		};
		74CE27B72A83F90B00B24C7B /* Habitime */ = {
			isa = PBXGroup;
			children = (
				74CE27EB2A9625ED00B24C7B /* Managers */,
				74CE27E22A90D85600B24C7B /* Constants */,
				74CE27DF2A90C83700B24C7B /* Extensions */,
				74CE27D02A878B3600B24C7B /* Scenes */,
				74CE27CD2A85458000B24C7B /* Components */,
				74CE27B82A83F90B00B24C7B /* HabitimeApp.swift */,
				74CE27BC2A83F90C00B24C7B /* Assets.xcassets */,
				74CE27C32A83F90C00B24C7B /* Habitime.xcdatamodeld */,
				74CE27BE2A83F90C00B24C7B /* Preview Content */,
			);
			path = Habitime;
			sourceTree = "<group>";
		};
		74CE27BE2A83F90C00B24C7B /* Preview Content */ = {
			isa = PBXGroup;
			children = (
				74CE27BF2A83F90C00B24C7B /* Preview Assets.xcassets */,
			);
			path = "Preview Content";
			sourceTree = "<group>";
		};
		74CE27CD2A85458000B24C7B /* Components */ = {
			isa = PBXGroup;
			children = (
				74CE281D2A9F736C00B24C7B /* TrackerView.swift */,
				74CE27CE2A85458900B24C7B /* ColorButton.swift */,
				74CE27D12A878CE700B24C7B /* CategoryButton.swift */,
				74CE27D72A8AA30C00B24C7B /* CustomTextField.swift */,
				74CE27D92A8D48EE00B24C7B /* DayButton.swift */,
				74CE27E92A90FF4D00B24C7B /* IconView.swift */,
				74CE28152A9A1CB800B24C7B /* SubscribeView.swift */,
				74DC29562AACADB500681B12 /* DayGridCell.swift */,
				74DC29582AADE63900681B12 /* CalendarView.swift */,
				745909D22AC03FBA007392BC /* EditView.swift */,
			);
			path = Components;
			sourceTree = "<group>";
		};
		74CE27D02A878B3600B24C7B /* Scenes */ = {
			isa = PBXGroup;
			children = (
				74DC29532AAC802F00681B12 /* Detail */,
				74CE27E62A90E14900B24C7B /* Home */,
				74CE27E52A90DE6600B24C7B /* AddViews */,
			);
			path = Scenes;
			sourceTree = "<group>";
		};
		74CE27DF2A90C83700B24C7B /* Extensions */ = {
			isa = PBXGroup;
			children = (
				74CE27E02A90C84000B24C7B /* Date+Ext.swift */,
				74CE281B2A9BA1A000B24C7B /* Color+Ext.swift */,
			);
			path = Extensions;
			sourceTree = "<group>";
		};
		74CE27E22A90D85600B24C7B /* Constants */ = {
			isa = PBXGroup;
			children = (
				74CE27E32A90D86500B24C7B /* Constant.swift */,
			);
			path = Constants;
			sourceTree = "<group>";
		};
		74CE27E52A90DE6600B24C7B /* AddViews */ = {
			isa = PBXGroup;
			children = (
				74CE27CB2A8425E500B24C7B /* AddTaskView.swift */,
				74CE27D32A89401400B24C7B /* GoalPickerView.swift */,
				74CE27DB2A8D49C900B24C7B /* DayPickerView.swift */,
				74CE27E72A90F96700B24C7B /* IconPickerView.swift */,
			);
			path = AddViews;
			sourceTree = "<group>";
		};
		74CE27E62A90E14900B24C7B /* Home */ = {
			isa = PBXGroup;
			children = (
				74CE27BA2A83F90B00B24C7B /* HomeView.swift */,
				74CE28132A9A136700B24C7B /* SettingSideView.swift */,
			);
			path = Home;
			sourceTree = "<group>";
		};
		74CE27EB2A9625ED00B24C7B /* Managers */ = {
			isa = PBXGroup;
			children = (
				74CE27EC2A96260500B24C7B /* CoreDataManager.swift */,
				745909D42ACAF6DA007392BC /* NotificationManager.swift */,
			);
			path = Managers;
			sourceTree = "<group>";
		};
		74DC29532AAC802F00681B12 /* Detail */ = {
			isa = PBXGroup;
			children = (
			);
			path = Detail;
			sourceTree = "<group>";
		};
/* End PBXGroup section */

/* Begin PBXNativeTarget section */
		74CE27B42A83F90B00B24C7B /* Habitime */ = {
			isa = PBXNativeTarget;
			buildConfigurationList = 74CE27C82A83F90C00B24C7B /* Build configuration list for PBXNativeTarget "Habitime" */;
			buildPhases = (
				74CE27B12A83F90B00B24C7B /* Sources */,
				74CE27B22A83F90B00B24C7B /* Frameworks */,
				74CE27B32A83F90B00B24C7B /* Resources */,
			);
			buildRules = (
			);
			dependencies = (
			);
			name = Habitime;
			productName = Habitime;
			productReference = 74CE27B52A83F90B00B24C7B /* Habitime.app */;
			productType = "com.apple.product-type.application";
		};
/* End PBXNativeTarget section */

/* Begin PBXProject section */
		74CE27AD2A83F90B00B24C7B /* Project object */ = {
			isa = PBXProject;
			attributes = {
				BuildIndependentTargetsInParallel = 1;
				LastSwiftUpdateCheck = 1420;
				LastUpgradeCheck = 1420;
				TargetAttributes = {
					74CE27B42A83F90B00B24C7B = {
						CreatedOnToolsVersion = 14.2;
					};
				};
			};
			buildConfigurationList = 74CE27B02A83F90B00B24C7B /* Build configuration list for PBXProject "Habitime" */;
			compatibilityVersion = "Xcode 14.0";
			developmentRegion = en;
			hasScannedForEncodings = 0;
			knownRegions = (
				en,
				Base,
			);
			mainGroup = 74CE27AC2A83F90B00B24C7B;
			productRefGroup = 74CE27B62A83F90B00B24C7B /* Products */;
			projectDirPath = "";
			projectRoot = "";
			targets = (
				74CE27B42A83F90B00B24C7B /* Habitime */,
			);
		};
/* End PBXProject section */

/* Begin PBXResourcesBuildPhase section */
		74CE27B32A83F90B00B24C7B /* Resources */ = {
			isa = PBXResourcesBuildPhase;
			buildActionMask = 2147483647;
			files = (
				74CE27C02A83F90C00B24C7B /* Preview Assets.xcassets in Resources */,
				74CE27BD2A83F90C00B24C7B /* Assets.xcassets in Resources */,
			);
			runOnlyForDeploymentPostprocessing = 0;
		};
/* End PBXResourcesBuildPhase section */

/* Begin PBXSourcesBuildPhase section */
		74CE27B12A83F90B00B24C7B /* Sources */ = {
			isa = PBXSourcesBuildPhase;
			buildActionMask = 2147483647;
			files = (
				74CE27EA2A90FF4D00B24C7B /* IconView.swift in Sources */,
				74CE27DA2A8D48EE00B24C7B /* DayButton.swift in Sources */,
				745909D32AC03FBA007392BC /* EditView.swift in Sources */,
				74CE281C2A9BA1A000B24C7B /* Color+Ext.swift in Sources */,
				74CE27E12A90C84000B24C7B /* Date+Ext.swift in Sources */,
				74CE281E2A9F736C00B24C7B /* TrackerView.swift in Sources */,
				74CE28142A9A136700B24C7B /* SettingSideView.swift in Sources */,
				74CE27ED2A96260500B24C7B /* CoreDataManager.swift in Sources */,
				74CE27C52A83F90C00B24C7B /* Habitime.xcdatamodeld in Sources */,
				74DC29592AADE63900681B12 /* CalendarView.swift in Sources */,
				74CE27CC2A8425E500B24C7B /* AddTaskView.swift in Sources */,
				74CE27E82A90F96700B24C7B /* IconPickerView.swift in Sources */,
				74CE27CF2A85458900B24C7B /* ColorButton.swift in Sources */,
				74CE27E42A90D86500B24C7B /* Constant.swift in Sources */,
				74CE27D82A8AA30C00B24C7B /* CustomTextField.swift in Sources */,
				74CE27DC2A8D49C900B24C7B /* DayPickerView.swift in Sources */,
				74CE27D42A89401400B24C7B /* GoalPickerView.swift in Sources */,
				74DC29572AACADB500681B12 /* DayGridCell.swift in Sources */,
				74CE27D22A878CE700B24C7B /* CategoryButton.swift in Sources */,
				74CE27BB2A83F90B00B24C7B /* HomeView.swift in Sources */,
				74CE27B92A83F90B00B24C7B /* HabitimeApp.swift in Sources */,
				74CE28162A9A1CB800B24C7B /* SubscribeView.swift in Sources */,
				745909D52ACAF6DA007392BC /* NotificationManager.swift in Sources */,
			);
			runOnlyForDeploymentPostprocessing = 0;
		};
/* End PBXSourcesBuildPhase section */

/* Begin XCBuildConfiguration section */
		74CE27C62A83F90C00B24C7B /* Debug */ = {
			isa = XCBuildConfiguration;
			buildSettings = {
				ALWAYS_SEARCH_USER_PATHS = NO;
				CLANG_ANALYZER_NONNULL = YES;
				CLANG_ANALYZER_NUMBER_OBJECT_CONVERSION = YES_AGGRESSIVE;
				CLANG_CXX_LANGUAGE_STANDARD = "gnu++20";
				CLANG_ENABLE_MODULES = YES;
				CLANG_ENABLE_OBJC_ARC = YES;
				CLANG_ENABLE_OBJC_WEAK = YES;
				CLANG_WARN_BLOCK_CAPTURE_AUTORELEASING = YES;
				CLANG_WARN_BOOL_CONVERSION = YES;
				CLANG_WARN_COMMA = YES;
				CLANG_WARN_CONSTANT_CONVERSION = YES;
				CLANG_WARN_DEPRECATED_OBJC_IMPLEMENTATIONS = YES;
				CLANG_WARN_DIRECT_OBJC_ISA_USAGE = YES_ERROR;
				CLANG_WARN_DOCUMENTATION_COMMENTS = YES;
				CLANG_WARN_EMPTY_BODY = YES;
				CLANG_WARN_ENUM_CONVERSION = YES;
				CLANG_WARN_INFINITE_RECURSION = YES;
				CLANG_WARN_INT_CONVERSION = YES;
				CLANG_WARN_NON_LITERAL_NULL_CONVERSION = YES;
				CLANG_WARN_OBJC_IMPLICIT_RETAIN_SELF = YES;
				CLANG_WARN_OBJC_LITERAL_CONVERSION = YES;
				CLANG_WARN_OBJC_ROOT_CLASS = YES_ERROR;
				CLANG_WARN_QUOTED_INCLUDE_IN_FRAMEWORK_HEADER = YES;
				CLANG_WARN_RANGE_LOOP_ANALYSIS = YES;
				CLANG_WARN_STRICT_PROTOTYPES = YES;
				CLANG_WARN_SUSPICIOUS_MOVE = YES;
				CLANG_WARN_UNGUARDED_AVAILABILITY = YES_AGGRESSIVE;
				CLANG_WARN_UNREACHABLE_CODE = YES;
				CLANG_WARN__DUPLICATE_METHOD_MATCH = YES;
				COPY_PHASE_STRIP = NO;
				DEBUG_INFORMATION_FORMAT = dwarf;
				ENABLE_STRICT_OBJC_MSGSEND = YES;
				ENABLE_TESTABILITY = YES;
				GCC_C_LANGUAGE_STANDARD = gnu11;
				GCC_DYNAMIC_NO_PIC = NO;
				GCC_NO_COMMON_BLOCKS = YES;
				GCC_OPTIMIZATION_LEVEL = 0;
				GCC_PREPROCESSOR_DEFINITIONS = (
					"DEBUG=1",
					"$(inherited)",
				);
				GCC_WARN_64_TO_32_BIT_CONVERSION = YES;
				GCC_WARN_ABOUT_RETURN_TYPE = YES_ERROR;
				GCC_WARN_UNDECLARED_SELECTOR = YES;
				GCC_WARN_UNINITIALIZED_AUTOS = YES_AGGRESSIVE;
				GCC_WARN_UNUSED_FUNCTION = YES;
				GCC_WARN_UNUSED_VARIABLE = YES;
				IPHONEOS_DEPLOYMENT_TARGET = 16.2;
				MTL_ENABLE_DEBUG_INFO = INCLUDE_SOURCE;
				MTL_FAST_MATH = YES;
				ONLY_ACTIVE_ARCH = YES;
				SDKROOT = iphoneos;
				SWIFT_ACTIVE_COMPILATION_CONDITIONS = DEBUG;
				SWIFT_OPTIMIZATION_LEVEL = "-Onone";
			};
			name = Debug;
		};
		74CE27C72A83F90C00B24C7B /* Release */ = {
			isa = XCBuildConfiguration;
			buildSettings = {
				ALWAYS_SEARCH_USER_PATHS = NO;
				CLANG_ANALYZER_NONNULL = YES;
				CLANG_ANALYZER_NUMBER_OBJECT_CONVERSION = YES_AGGRESSIVE;
				CLANG_CXX_LANGUAGE_STANDARD = "gnu++20";
				CLANG_ENABLE_MODULES = YES;
				CLANG_ENABLE_OBJC_ARC = YES;
				CLANG_ENABLE_OBJC_WEAK = YES;
				CLANG_WARN_BLOCK_CAPTURE_AUTORELEASING = YES;
				CLANG_WARN_BOOL_CONVERSION = YES;
				CLANG_WARN_COMMA = YES;
				CLANG_WARN_CONSTANT_CONVERSION = YES;
				CLANG_WARN_DEPRECATED_OBJC_IMPLEMENTATIONS = YES;
				CLANG_WARN_DIRECT_OBJC_ISA_USAGE = YES_ERROR;
				CLANG_WARN_DOCUMENTATION_COMMENTS = YES;
				CLANG_WARN_EMPTY_BODY = YES;
				CLANG_WARN_ENUM_CONVERSION = YES;
				CLANG_WARN_INFINITE_RECURSION = YES;
				CLANG_WARN_INT_CONVERSION = YES;
				CLANG_WARN_NON_LITERAL_NULL_CONVERSION = YES;
				CLANG_WARN_OBJC_IMPLICIT_RETAIN_SELF = YES;
				CLANG_WARN_OBJC_LITERAL_CONVERSION = YES;
				CLANG_WARN_OBJC_ROOT_CLASS = YES_ERROR;
				CLANG_WARN_QUOTED_INCLUDE_IN_FRAMEWORK_HEADER = YES;
				CLANG_WARN_RANGE_LOOP_ANALYSIS = YES;
				CLANG_WARN_STRICT_PROTOTYPES = YES;
				CLANG_WARN_SUSPICIOUS_MOVE = YES;
				CLANG_WARN_UNGUARDED_AVAILABILITY = YES_AGGRESSIVE;
				CLANG_WARN_UNREACHABLE_CODE = YES;
				CLANG_WARN__DUPLICATE_METHOD_MATCH = YES;
				COPY_PHASE_STRIP = NO;
				DEBUG_INFORMATION_FORMAT = "dwarf-with-dsym";
				ENABLE_NS_ASSERTIONS = NO;
				ENABLE_STRICT_OBJC_MSGSEND = YES;
				GCC_C_LANGUAGE_STANDARD = gnu11;
				GCC_NO_COMMON_BLOCKS = YES;
				GCC_WARN_64_TO_32_BIT_CONVERSION = YES;
				GCC_WARN_ABOUT_RETURN_TYPE = YES_ERROR;
				GCC_WARN_UNDECLARED_SELECTOR = YES;
				GCC_WARN_UNINITIALIZED_AUTOS = YES_AGGRESSIVE;
				GCC_WARN_UNUSED_FUNCTION = YES;
				GCC_WARN_UNUSED_VARIABLE = YES;
				IPHONEOS_DEPLOYMENT_TARGET = 16.2;
				MTL_ENABLE_DEBUG_INFO = NO;
				MTL_FAST_MATH = YES;
				SDKROOT = iphoneos;
				SWIFT_COMPILATION_MODE = wholemodule;
				SWIFT_OPTIMIZATION_LEVEL = "-O";
				VALIDATE_PRODUCT = YES;
			};
			name = Release;
		};
		74CE27C92A83F90C00B24C7B /* Debug */ = {
			isa = XCBuildConfiguration;
			buildSettings = {
				ASSETCATALOG_COMPILER_APPICON_NAME = AppIcon;
				ASSETCATALOG_COMPILER_GLOBAL_ACCENT_COLOR_NAME = AccentColor;
				CODE_SIGN_STYLE = Automatic;
				CURRENT_PROJECT_VERSION = 1;
				DEVELOPMENT_ASSET_PATHS = "\"Habitime/Preview Content\"";
				DEVELOPMENT_TEAM = A38NMNU547;
				ENABLE_PREVIEWS = YES;
				GENERATE_INFOPLIST_FILE = YES;
				INFOPLIST_KEY_UIApplicationSceneManifest_Generation = YES;
				INFOPLIST_KEY_UIApplicationSupportsIndirectInputEvents = YES;
				INFOPLIST_KEY_UILaunchScreen_Generation = YES;
				INFOPLIST_KEY_UISupportedInterfaceOrientations_iPad = "UIInterfaceOrientationPortrait UIInterfaceOrientationPortraitUpsideDown UIInterfaceOrientationLandscapeLeft UIInterfaceOrientationLandscapeRight";
				INFOPLIST_KEY_UISupportedInterfaceOrientations_iPhone = "UIInterfaceOrientationPortrait UIInterfaceOrientationLandscapeLeft UIInterfaceOrientationLandscapeRight";
				LD_RUNPATH_SEARCH_PATHS = (
					"$(inherited)",
					"@executable_path/Frameworks",
				);
				MARKETING_VERSION = 1.0;
				PRODUCT_BUNDLE_IDENTIFIER = com.furkansarip.Habitime;
				PRODUCT_NAME = "$(TARGET_NAME)";
				SWIFT_EMIT_LOC_STRINGS = YES;
				SWIFT_VERSION = 5.0;
				TARGETED_DEVICE_FAMILY = "1,2";
			};
			name = Debug;
		};
		74CE27CA2A83F90C00B24C7B /* Release */ = {
			isa = XCBuildConfiguration;
			buildSettings = {
				ASSETCATALOG_COMPILER_APPICON_NAME = AppIcon;
				ASSETCATALOG_COMPILER_GLOBAL_ACCENT_COLOR_NAME = AccentColor;
				CODE_SIGN_STYLE = Automatic;
				CURRENT_PROJECT_VERSION = 1;
				DEVELOPMENT_ASSET_PATHS = "\"Habitime/Preview Content\"";
				DEVELOPMENT_TEAM = A38NMNU547;
				ENABLE_PREVIEWS = YES;
				GENERATE_INFOPLIST_FILE = YES;
				INFOPLIST_KEY_UIApplicationSceneManifest_Generation = YES;
				INFOPLIST_KEY_UIApplicationSupportsIndirectInputEvents = YES;
				INFOPLIST_KEY_UILaunchScreen_Generation = YES;
				INFOPLIST_KEY_UISupportedInterfaceOrientations_iPad = "UIInterfaceOrientationPortrait UIInterfaceOrientationPortraitUpsideDown UIInterfaceOrientationLandscapeLeft UIInterfaceOrientationLandscapeRight";
				INFOPLIST_KEY_UISupportedInterfaceOrientations_iPhone = "UIInterfaceOrientationPortrait UIInterfaceOrientationLandscapeLeft UIInterfaceOrientationLandscapeRight";
				LD_RUNPATH_SEARCH_PATHS = (
					"$(inherited)",
					"@executable_path/Frameworks",
				);
				MARKETING_VERSION = 1.0;
				PRODUCT_BUNDLE_IDENTIFIER = com.furkansarip.Habitime;
				PRODUCT_NAME = "$(TARGET_NAME)";
				SWIFT_EMIT_LOC_STRINGS = YES;
				SWIFT_VERSION = 5.0;
				TARGETED_DEVICE_FAMILY = "1,2";
			};
			name = Release;
		};
/* End XCBuildConfiguration section */

/* Begin XCConfigurationList section */
		74CE27B02A83F90B00B24C7B /* Build configuration list for PBXProject "Habitime" */ = {
			isa = XCConfigurationList;
			buildConfigurations = (
				74CE27C62A83F90C00B24C7B /* Debug */,
				74CE27C72A83F90C00B24C7B /* Release */,
			);
			defaultConfigurationIsVisible = 0;
			defaultConfigurationName = Release;
		};
		74CE27C82A83F90C00B24C7B /* Build configuration list for PBXNativeTarget "Habitime" */ = {
			isa = XCConfigurationList;
			buildConfigurations = (
				74CE27C92A83F90C00B24C7B /* Debug */,
				74CE27CA2A83F90C00B24C7B /* Release */,
			);
			defaultConfigurationIsVisible = 0;
			defaultConfigurationName = Release;
		};
/* End XCConfigurationList section */

/* Begin XCVersionGroup section */
		74CE27C32A83F90C00B24C7B /* Habitime.xcdatamodeld */ = {
			isa = XCVersionGroup;
			children = (
				74CE27C42A83F90C00B24C7B /* Habitime.xcdatamodel */,
			);
			currentVersion = 74CE27C42A83F90C00B24C7B /* Habitime.xcdatamodel */;
			path = Habitime.xcdatamodeld;
			sourceTree = "<group>";
			versionGroupType = wrapper.xcdatamodel;
		};
/* End XCVersionGroup section */
	};
	rootObject = 74CE27AD2A83F90B00B24C7B /* Project object */;
}
